
Microsoft Visual Studio Solution File, Format Version 12.00
# Visual Studio 15
VisualStudioVersion = 15.0.28307.572
MinimumVisualStudioVersion = 10.0.40219.1
Project("{FAE04EC0-301F-11D3-BF4B-00C04F79EFBC}") = "FormTTP", "FormTTP.csproj", "{D63BE4D2-78E6-4AC3-91A8-384529E44C39}"
EndProject
Global
	GlobalSection(SolutionConfigurationPlatforms) = preSolution
		Debug|Any CPU = Debug|Any CPU
		Release|Any CPU = Release|Any CPU
	EndGlobalSection
	GlobalSection(ProjectConfigurationPlatforms) = postSolution
		{D63BE4D2-78E6-4AC3-91A8-384529E44C39}.Debug|Any CPU.ActiveCfg = Debug|Any CPU
		{D63BE4D2-78E6-4AC3-91A8-384529E44C39}.Debug|Any CPU.Build.0 = Debug|Any CPU
		{D63BE4D2-78E6-4AC3-91A8-384529E44C39}.Release|Any CPU.ActiveCfg = Release|Any CPU
		{D63BE4D2-78E6-4AC3-91A8-384529E44C39}.Release|Any CPU.Build.0 = Release|Any CPU
	EndGlobalSection
	GlobalSection(SolutionProperties) = preSolution
		HideSolutionNode = FALSE
	EndGlobalSection
	GlobalSection(ExtensibilityGlobals) = postSolution
		SolutionGuid = {E971A506-013D-4EF9-9262-26413EE0E7BD}
	EndGlobalSection
EndGlobal
